
Microsoft Visual Studio Solution File, Format Version 12.00
# Visual Studio Version 17
VisualStudioVersion = 17.3.32825.248
MinimumVisualStudioVersion = 10.0.40219.1
Project("{9A19103F-16F7-4668-BE54-9A1E7A4F7556}") = "OfficeBusiness", "Officeb\OfficeBusiness.csproj", "{6853DB46-B0AE-468D-BE1E-7BEFE0A7843E}"
EndProject
Project("{9A19103F-16F7-4668-BE54-9A1E7A4F7556}") = "OfficeEntity", "OfficeEntity\OfficeEntity.csproj", "{B4BA12A8-349D-4B92-AA2E-C84B656BA670}"
EndProject
Project("{9A19103F-16F7-4668-BE54-9A1E7A4F7556}") = "OfficeData", "OfficeDL\OfficeData.csproj", "{449DD139-C873-4237-926B-2819D48980AF}"
EndProject
Project("{9A19103F-16F7-4668-BE54-9A1E7A4F7556}") = "OfficeAPI", "ProfileAPI\OfficeAPI.csproj", "{8EDF2384-71EC-4B6E-90C2-42812474B958}"
EndProject
Project("{9A19103F-16F7-4668-BE54-9A1E7A4F7556}") = "OfficeUI", "OfficeUI\OfficeUI.csproj", "{3A73428C-BA8C-423D-B568-EFC5A31D8CCF}"
EndProject
Project("{FAE04EC0-301F-11D3-BF4B-00C04F79EFBC}") = "OfficeAPITests1", "OfficeAPITests1\OfficeAPITests1.csproj", "{255B4D81-1954-487F-A0BC-B0941743F50A}"
EndProject
Global
	GlobalSection(SolutionConfigurationPlatforms) = preSolution
		Debug|Any CPU = Debug|Any CPU
		Release|Any CPU = Release|Any CPU
	EndGlobalSection
	GlobalSection(ProjectConfigurationPlatforms) = postSolution
		{6853DB46-B0AE-468D-BE1E-7BEFE0A7843E}.Debug|Any CPU.ActiveCfg = Debug|Any CPU
		{6853DB46-B0AE-468D-BE1E-7BEFE0A7843E}.Debug|Any CPU.Build.0 = Debug|Any CPU
		{6853DB46-B0AE-468D-BE1E-7BEFE0A7843E}.Release|Any CPU.ActiveCfg = Release|Any CPU
		{6853DB46-B0AE-468D-BE1E-7BEFE0A7843E}.Release|Any CPU.Build.0 = Release|Any CPU
		{B4BA12A8-349D-4B92-AA2E-C84B656BA670}.Debug|Any CPU.ActiveCfg = Debug|Any CPU
		{B4BA12A8-349D-4B92-AA2E-C84B656BA670}.Debug|Any CPU.Build.0 = Debug|Any CPU
		{B4BA12A8-349D-4B92-AA2E-C84B656BA670}.Release|Any CPU.ActiveCfg = Release|Any CPU
		{B4BA12A8-349D-4B92-AA2E-C84B656BA670}.Release|Any CPU.Build.0 = Release|Any CPU
		{449DD139-C873-4237-926B-2819D48980AF}.Debug|Any CPU.ActiveCfg = Debug|Any CPU
		{449DD139-C873-4237-926B-2819D48980AF}.Debug|Any CPU.Build.0 = Debug|Any CPU
		{449DD139-C873-4237-926B-2819D48980AF}.Release|Any CPU.ActiveCfg = Release|Any CPU
		{449DD139-C873-4237-926B-2819D48980AF}.Release|Any CPU.Build.0 = Release|Any CPU
		{8EDF2384-71EC-4B6E-90C2-42812474B958}.Debug|Any CPU.ActiveCfg = Debug|Any CPU
		{8EDF2384-71EC-4B6E-90C2-42812474B958}.Debug|Any CPU.Build.0 = Debug|Any CPU
		{8EDF2384-71EC-4B6E-90C2-42812474B958}.Release|Any CPU.ActiveCfg = Release|Any CPU
		{8EDF2384-71EC-4B6E-90C2-42812474B958}.Release|Any CPU.Build.0 = Release|Any CPU
		{3A73428C-BA8C-423D-B568-EFC5A31D8CCF}.Debug|Any CPU.ActiveCfg = Debug|Any CPU
		{3A73428C-BA8C-423D-B568-EFC5A31D8CCF}.Debug|Any CPU.Build.0 = Debug|Any CPU
		{3A73428C-BA8C-423D-B568-EFC5A31D8CCF}.Release|Any CPU.ActiveCfg = Release|Any CPU
		{3A73428C-BA8C-423D-B568-EFC5A31D8CCF}.Release|Any CPU.Build.0 = Release|Any CPU
		{255B4D81-1954-487F-A0BC-B0941743F50A}.Debug|Any CPU.ActiveCfg = Debug|Any CPU
		{255B4D81-1954-487F-A0BC-B0941743F50A}.Debug|Any CPU.Build.0 = Debug|Any CPU
		{255B4D81-1954-487F-A0BC-B0941743F50A}.Release|Any CPU.ActiveCfg = Release|Any CPU
		{255B4D81-1954-487F-A0BC-B0941743F50A}.Release|Any CPU.Build.0 = Release|Any CPU
	EndGlobalSection
	GlobalSection(SolutionProperties) = preSolution
		HideSolutionNode = FALSE
	EndGlobalSection
	GlobalSection(ExtensibilityGlobals) = postSolution
		SolutionGuid = {D297071D-E323-4849-86C0-609E16BF5A66}
	EndGlobalSection
EndGlobal
